
Microsoft Visual Studio Solution File, Format Version 12.00
# Visual Studio Version 17
VisualStudioVersion = 17.0.31903.59
MinimumVisualStudioVersion = 10.0.40219.1
Project("{2150E333-8FDC-42A3-9474-1A3956D46DE8}") = "src", "src", "{827E0CD3-B72D-47B6-A68D-7590B98EB39B}"
EndProject
Project("{FAE04EC0-301F-11D3-BF4B-00C04F79EFBC}") = "Sinking.Console", "src\Sinking.Console\Sinking.Console.csproj", "{F6780437-AF00-4183-9D2C-FA489DA8197D}"
EndProject
Project("{FAE04EC0-301F-11D3-BF4B-00C04F79EFBC}") = "Sinking.Api", "src\Sinking.Api\Sinking.Api.csproj", "{E68035A5-598D-4F22-B2DA-374D1B321818}"
EndProject
Project("{FAE04EC0-301F-11D3-BF4B-00C04F79EFBC}") = "Sinking.Core", "src\Sinking.Core\Sinking.Core.csproj", "{2AF15566-BA96-494E-9992-FBF706DC93FA}"
EndProject
Project("{FAE04EC0-301F-11D3-BF4B-00C04F79EFBC}") = "Sinking.Data", "src\Sinking.Data\Sinking.Data.csproj", "{D1A86678-67A2-45B6-A825-B92C1A43C90E}"
EndProject
Project("{FAE04EC0-301F-11D3-BF4B-00C04F79EFBC}") = "Sinking.Core.Tests", "tests\Sinking.Core.Tests\Sinking.Core.Tests.csproj", "{A1D519D1-7B02-47D4-BD73-F129AB0BA621}"
EndProject
Project("{FAE04EC0-301F-11D3-BF4B-00C04F79EFBC}") = "Sinking.Integration.Tests", "tests\Sinking.Integration.Tests\Sinking.Integration.Tests.csproj", "{77780CD9-4519-40B3-8977-7A7D3D4E0A3C}"
EndProject
Global
	GlobalSection(SolutionConfigurationPlatforms) = preSolution
		Debug|Any CPU = Debug|Any CPU
		Debug|x64 = Debug|x64
		Debug|x86 = Debug|x86
		Release|Any CPU = Release|Any CPU
		Release|x64 = Release|x64
		Release|x86 = Release|x86
	EndGlobalSection
	GlobalSection(ProjectConfigurationPlatforms) = postSolution
		{F6780437-AF00-4183-9D2C-FA489DA8197D}.Debug|Any CPU.ActiveCfg = Debug|Any CPU
		{F6780437-AF00-4183-9D2C-FA489DA8197D}.Debug|Any CPU.Build.0 = Debug|Any CPU
		{F6780437-AF00-4183-9D2C-FA489DA8197D}.Debug|x64.ActiveCfg = Debug|Any CPU
		{F6780437-AF00-4183-9D2C-FA489DA8197D}.Debug|x64.Build.0 = Debug|Any CPU
		{F6780437-AF00-4183-9D2C-FA489DA8197D}.Debug|x86.ActiveCfg = Debug|Any CPU
		{F6780437-AF00-4183-9D2C-FA489DA8197D}.Debug|x86.Build.0 = Debug|Any CPU
		{F6780437-AF00-4183-9D2C-FA489DA8197D}.Release|Any CPU.ActiveCfg = Release|Any CPU
		{F6780437-AF00-4183-9D2C-FA489DA8197D}.Release|Any CPU.Build.0 = Release|Any CPU
		{F6780437-AF00-4183-9D2C-FA489DA8197D}.Release|x64.ActiveCfg = Release|Any CPU
		{F6780437-AF00-4183-9D2C-FA489DA8197D}.Release|x64.Build.0 = Release|Any CPU
		{F6780437-AF00-4183-9D2C-FA489DA8197D}.Release|x86.ActiveCfg = Release|Any CPU
		{F6780437-AF00-4183-9D2C-FA489DA8197D}.Release|x86.Build.0 = Release|Any CPU
		{E68035A5-598D-4F22-B2DA-374D1B321818}.Debug|Any CPU.ActiveCfg = Debug|Any CPU
		{E68035A5-598D-4F22-B2DA-374D1B321818}.Debug|Any CPU.Build.0 = Debug|Any CPU
		{E68035A5-598D-4F22-B2DA-374D1B321818}.Debug|x64.ActiveCfg = Debug|Any CPU
		{E68035A5-598D-4F22-B2DA-374D1B321818}.Debug|x64.Build.0 = Debug|Any CPU
		{E68035A5-598D-4F22-B2DA-374D1B321818}.Debug|x86.ActiveCfg = Debug|Any CPU
		{E68035A5-598D-4F22-B2DA-374D1B321818}.Debug|x86.Build.0 = Debug|Any CPU
		{E68035A5-598D-4F22-B2DA-374D1B321818}.Release|Any CPU.ActiveCfg = Release|Any CPU
		{E68035A5-598D-4F22-B2DA-374D1B321818}.Release|Any CPU.Build.0 = Release|Any CPU
		{E68035A5-598D-4F22-B2DA-374D1B321818}.Release|x64.ActiveCfg = Release|Any CPU
		{E68035A5-598D-4F22-B2DA-374D1B321818}.Release|x64.Build.0 = Release|Any CPU
		{E68035A5-598D-4F22-B2DA-374D1B321818}.Release|x86.ActiveCfg = Release|Any CPU
		{E68035A5-598D-4F22-B2DA-374D1B321818}.Release|x86.Build.0 = Release|Any CPU
		{2AF15566-BA96-494E-9992-FBF706DC93FA}.Debug|Any CPU.ActiveCfg = Debug|Any CPU
		{2AF15566-BA96-494E-9992-FBF706DC93FA}.Debug|Any CPU.Build.0 = Debug|Any CPU
		{2AF15566-BA96-494E-9992-FBF706DC93FA}.Debug|x64.ActiveCfg = Debug|Any CPU
		{2AF15566-BA96-494E-9992-FBF706DC93FA}.Debug|x64.Build.0 = Debug|Any CPU
		{2AF15566-BA96-494E-9992-FBF706DC93FA}.Debug|x86.ActiveCfg = Debug|Any CPU
		{2AF15566-BA96-494E-9992-FBF706DC93FA}.Debug|x86.Build.0 = Debug|Any CPU
		{2AF15566-BA96-494E-9992-FBF706DC93FA}.Release|Any CPU.ActiveCfg = Release|Any CPU
		{2AF15566-BA96-494E-9992-FBF706DC93FA}.Release|Any CPU.Build.0 = Release|Any CPU
		{2AF15566-BA96-494E-9992-FBF706DC93FA}.Release|x64.ActiveCfg = Release|Any CPU
		{2AF15566-BA96-494E-9992-FBF706DC93FA}.Release|x64.Build.0 = Release|Any CPU
		{2AF15566-BA96-494E-9992-FBF706DC93FA}.Release|x86.ActiveCfg = Release|Any CPU
		{2AF15566-BA96-494E-9992-FBF706DC93FA}.Release|x86.Build.0 = Release|Any CPU
		{D1A86678-67A2-45B6-A825-B92C1A43C90E}.Debug|Any CPU.ActiveCfg = Debug|Any CPU
		{D1A86678-67A2-45B6-A825-B92C1A43C90E}.Debug|Any CPU.Build.0 = Debug|Any CPU
		{D1A86678-67A2-45B6-A825-B92C1A43C90E}.Debug|x64.ActiveCfg = Debug|Any CPU
		{D1A86678-67A2-45B6-A825-B92C1A43C90E}.Debug|x64.Build.0 = Debug|Any CPU
		{D1A86678-67A2-45B6-A825-B92C1A43C90E}.Debug|x86.ActiveCfg = Debug|Any CPU
		{D1A86678-67A2-45B6-A825-B92C1A43C90E}.Debug|x86.Build.0 = Debug|Any CPU
		{D1A86678-67A2-45B6-A825-B92C1A43C90E}.Release|Any CPU.ActiveCfg = Release|Any CPU
		{D1A86678-67A2-45B6-A825-B92C1A43C90E}.Release|Any CPU.Build.0 = Release|Any CPU
		{D1A86678-67A2-45B6-A825-B92C1A43C90E}.Release|x64.ActiveCfg = Release|Any CPU
		{D1A86678-67A2-45B6-A825-B92C1A43C90E}.Release|x64.Build.0 = Release|Any CPU
		{D1A86678-67A2-45B6-A825-B92C1A43C90E}.Release|x86.ActiveCfg = Release|Any CPU
		{D1A86678-67A2-45B6-A825-B92C1A43C90E}.Release|x86.Build.0 = Release|Any CPU
		{A1D519D1-7B02-47D4-BD73-F129AB0BA621}.Debug|Any CPU.ActiveCfg = Debug|Any CPU
		{A1D519D1-7B02-47D4-BD73-F129AB0BA621}.Debug|Any CPU.Build.0 = Debug|Any CPU
		{A1D519D1-7B02-47D4-BD73-F129AB0BA621}.Debug|x64.ActiveCfg = Debug|Any CPU
		{A1D519D1-7B02-47D4-BD73-F129AB0BA621}.Debug|x64.Build.0 = Debug|Any CPU
		{A1D519D1-7B02-47D4-BD73-F129AB0BA621}.Debug|x86.ActiveCfg = Debug|Any CPU
		{A1D519D1-7B02-47D4-BD73-F129AB0BA621}.Debug|x86.Build.0 = Debug|Any CPU
		{A1D519D1-7B02-47D4-BD73-F129AB0BA621}.Release|Any CPU.ActiveCfg = Release|Any CPU
		{A1D519D1-7B02-47D4-BD73-F129AB0BA621}.Release|Any CPU.Build.0 = Release|Any CPU
		{A1D519D1-7B02-47D4-BD73-F129AB0BA621}.Release|x64.ActiveCfg = Release|Any CPU
		{A1D519D1-7B02-47D4-BD73-F129AB0BA621}.Release|x64.Build.0 = Release|Any CPU
		{A1D519D1-7B02-47D4-BD73-F129AB0BA621}.Release|x86.ActiveCfg = Release|Any CPU
		{A1D519D1-7B02-47D4-BD73-F129AB0BA621}.Release|x86.Build.0 = Release|Any CPU
		{77780CD9-4519-40B3-8977-7A7D3D4E0A3C}.Debug|Any CPU.ActiveCfg = Debug|Any CPU
		{77780CD9-4519-40B3-8977-7A7D3D4E0A3C}.Debug|Any CPU.Build.0 = Debug|Any CPU
		{77780CD9-4519-40B3-8977-7A7D3D4E0A3C}.Debug|x64.ActiveCfg = Debug|Any CPU
		{77780CD9-4519-40B3-8977-7A7D3D4E0A3C}.Debug|x64.Build.0 = Debug|Any CPU
		{77780CD9-4519-40B3-8977-7A7D3D4E0A3C}.Debug|x86.ActiveCfg = Debug|Any CPU
		{77780CD9-4519-40B3-8977-7A7D3D4E0A3C}.Debug|x86.Build.0 = Debug|Any CPU
		{77780CD9-4519-40B3-8977-7A7D3D4E0A3C}.Release|Any CPU.ActiveCfg = Release|Any CPU
		{77780CD9-4519-40B3-8977-7A7D3D4E0A3C}.Release|Any CPU.Build.0 = Release|Any CPU
		{77780CD9-4519-40B3-8977-7A7D3D4E0A3C}.Release|x64.ActiveCfg = Release|Any CPU
		{77780CD9-4519-40B3-8977-7A7D3D4E0A3C}.Release|x64.Build.0 = Release|Any CPU
		{77780CD9-4519-40B3-8977-7A7D3D4E0A3C}.Release|x86.ActiveCfg = Release|Any CPU
		{77780CD9-4519-40B3-8977-7A7D3D4E0A3C}.Release|x86.Build.0 = Release|Any CPU
	EndGlobalSection
	GlobalSection(SolutionProperties) = preSolution
		HideSolutionNode = FALSE
	EndGlobalSection
	GlobalSection(NestedProjects) = preSolution
		{F6780437-AF00-4183-9D2C-FA489DA8197D} = {827E0CD3-B72D-47B6-A68D-7590B98EB39B}
		{E68035A5-598D-4F22-B2DA-374D1B321818} = {827E0CD3-B72D-47B6-A68D-7590B98EB39B}
		{2AF15566-BA96-494E-9992-FBF706DC93FA} = {827E0CD3-B72D-47B6-A68D-7590B98EB39B}
		{D1A86678-67A2-45B6-A825-B92C1A43C90E} = {827E0CD3-B72D-47B6-A68D-7590B98EB39B}
		{A1D519D1-7B02-47D4-BD73-F129AB0BA621} = {827E0CD3-B72D-47B6-A68D-7590B98EB39B}
		{77780CD9-4519-40B3-8977-7A7D3D4E0A3C} = {827E0CD3-B72D-47B6-A68D-7590B98EB39B}
	EndGlobalSection
EndGlobal
